{
    "_meta": {
        "hash": {
            "sha256": "dd1d5393c20a51a9b45047c68e029e0ea2f4a08c1e046a9b49a31b2cd07b726d"
        },
        "pipfile-spec": 6,
        "requires": {
            "python_version": "3.7"
        },
        "sources": [
            {
                "name": "pypi",
                "url": "https://pypi.org/simple",
                "verify_ssl": true
            }
        ]
    },
    "default": {
        "aiosqlite": {
            "hashes": [
                "sha256:4f02314a42db6722dc26f2a6119c64e3f05f141f57bbf2b1e1f9fd741b6d7fb8"
            ],
            "index": "pypi",
            "version": "==0.11.0"
        },
        "databases": {
            "hashes": [
                "sha256:a04db1d158a91db7bd49db16e14266e8e6c7336f06f88c700147690683c769a3"
            ],
            "version": "==0.2.6"
        },
        "orm": {
            "hashes": [
                "sha256:37cb4757b670c1713f4e0d65874c5afe819acbd712abb9743c97e1d4b00d511c"
            ],
            "index": "pypi",
            "version": "==0.1.5"
        },
        "sqlalchemy": {
            "hashes": [
                "sha256:64a7b71846db6423807e96820993fa12a03b89127d278290ca25c0b11ed7b4fb"
            ],
            "version": "==1.3.13"
        },
        "typesystem": {
            "hashes": [
                "sha256:ba2bd10f1c5844d08dd8841e777bdee55bfca569bf21cb96cd0f91e0a4f66cd8"
            ],
            "version": "==0.2.4"
        }
    },
    "develop": {}
}
